{
  "lockfileVersion": 1,
  "configVersion": 1,
  "workspaces": {
    "": {
      "name": "article-parser",
      "devDependencies": {
        "prettier": "3.9.10",
      },
    },
  },
  "packages": {
    "prettier": ["prettier@3.9.10", "", { "bin": { "prettier": "bin/prettier.cjs" } }, "sha512-skGHTH1Yb9QvaTC4hWnRTzEYtCpApF0UMBPz+t/0ZPzP8ihefo/btKd+QA7pUE0fEwA1SbS/NmhyEcstdXOIdA=="],
  }
}
